
Microsoft Visual Studio Solution File, Format Version 12.00
# Visual Studio Version 17
VisualStudioVersion = 17.0.31903.59
MinimumVisualStudioVersion = 10.0.40219.1
Project("{FAE04EC0-301F-11D3-BF4B-00C04F79EFBC}") = "ConsoleApp.HelloWorld", "ConsoleApp.HelloWorld\ConsoleApp.HelloWorld.csproj", "{2C0806CE-52F7-47B7-BE36-763F07F3DA3F}"
EndProject
Project("{FAE04EC0-301F-11D3-BF4B-00C04F79EFBC}") = "ConsoleApp.Additinal", "ConsoleApp.Additinal\ConsoleApp.Additinal.csproj", "{6CC35C1C-055C-4A83-9496-F2D869B25ACC}"
EndProject
Global
	GlobalSection(SolutionConfigurationPlatforms) = preSolution
		Debug|Any CPU = Debug|Any CPU
		Release|Any CPU = Release|Any CPU
	EndGlobalSection
	GlobalSection(SolutionProperties) = preSolution
		HideSolutionNode = FALSE
	EndGlobalSection
	GlobalSection(ProjectConfigurationPlatforms) = postSolution
		{2C0806CE-52F7-47B7-BE36-763F07F3DA3F}.Debug|Any CPU.ActiveCfg = Debug|Any CPU
		{2C0806CE-52F7-47B7-BE36-763F07F3DA3F}.Debug|Any CPU.Build.0 = Debug|Any CPU
		{2C0806CE-52F7-47B7-BE36-763F07F3DA3F}.Release|Any CPU.ActiveCfg = Release|Any CPU
		{2C0806CE-52F7-47B7-BE36-763F07F3DA3F}.Release|Any CPU.Build.0 = Release|Any CPU
		{6CC35C1C-055C-4A83-9496-F2D869B25ACC}.Debug|Any CPU.ActiveCfg = Debug|Any CPU
		{6CC35C1C-055C-4A83-9496-F2D869B25ACC}.Debug|Any CPU.Build.0 = Debug|Any CPU
		{6CC35C1C-055C-4A83-9496-F2D869B25ACC}.Release|Any CPU.ActiveCfg = Release|Any CPU
		{6CC35C1C-055C-4A83-9496-F2D869B25ACC}.Release|Any CPU.Build.0 = Release|Any CPU
	EndGlobalSection
EndGlobal
